Microsoft Visual Studio Solution File, Format Version 12.00
# Visual Studio Version 17
VisualStudioVersion = 17.5.2.0
MinimumVisualStudioVersion = 10.0.40219.1
Project("{FAE04EC0-301F-11D3-BF4B-00C04F79EFBC}") = "XmlaProxy", "xmla-proxy-dotnet\XmlaProxy.csproj", "{ACA94ABD-3111-306E-2E1B-BAB5C8CC0779}"
EndProject
Global
	GlobalSection(SolutionConfigurationPlatforms) = preSolution
		Debug|Any CPU = Debug|Any CPU
		Release|Any CPU = Release|Any CPU
	EndGlobalSection
	GlobalSection(ProjectConfigurationPlatforms) = postSolution
		{ACA94ABD-3111-306E-2E1B-BAB5C8CC0779}.Debug|Any CPU.ActiveCfg = Debug|Any CPU
		{ACA94ABD-3111-306E-2E1B-BAB5C8CC0779}.Debug|Any CPU.Build.0 = Debug|Any CPU
		{ACA94ABD-3111-306E-2E1B-BAB5C8CC0779}.Release|Any CPU.ActiveCfg = Release|Any CPU
		{ACA94ABD-3111-306E-2E1B-BAB5C8CC0779}.Release|Any CPU.Build.0 = Release|Any CPU
	EndGlobalSection
	GlobalSection(SolutionProperties) = preSolution
		HideSolutionNode = FALSE
	EndGlobalSection
	GlobalSection(ExtensibilityGlobals) = postSolution
		SolutionGuid = {A2E6EBC2-5C76-44C7-B646-121EDE518ED9}
	EndGlobalSection
EndGlobal
